// !$*UTF8*$!
{
	archiveVersion = 1;
	classes = {
	};
	objectVersion = 50;
	objects = {

/* Begin PBXBuildFile section */
		041062826D9DB1BBFCD81157 /* Pods_Restaurant.framework in Frameworks */ = {isa = PBXBuildFile; fileRef = 7B7C994D8C25DCC95374B263 /* Pods_Restaurant.framework */; };
		1D74AB24225256F7007D0B0E /* AppDelegate.swift in Sources */ = {isa = PBXBuildFile; fileRef = 1D74AB23225256F7007D0B0E /* AppDelegate.swift */; };
		1D74AB2B225256F8007D0B0E /* Assets.xcassets in Resources */ = {isa = PBXBuildFile; fileRef = 1D74AB2A225256F8007D0B0E /* Assets.xcassets */; };
		1D74AB2E225256F8007D0B0E /* LaunchScreen.storyboard in Resources */ = {isa = PBXBuildFile; fileRef = 1D74AB2C225256F8007D0B0E /* LaunchScreen.storyboard */; };
		1D74AB3922534CC5007D0B0E /* FoodListViewController.swift in Sources */ = {isa = PBXBuildFile; fileRef = 1D74AB3722534CC5007D0B0E /* FoodListViewController.swift */; };
		1D74AB3A22534CC5007D0B0E /* FoodListViewController.xib in Resources */ = {isa = PBXBuildFile; fileRef = 1D74AB3822534CC5007D0B0E /* FoodListViewController.xib */; };
		1D74AB3E22534DD4007D0B0E /* FoodInfoCell.swift in Sources */ = {isa = PBXBuildFile; fileRef = 1D74AB3C22534DD4007D0B0E /* FoodInfoCell.swift */; };
		1D74AB3F22534DD4007D0B0E /* FoodInfoCell.xib in Resources */ = {isa = PBXBuildFile; fileRef = 1D74AB3D22534DD4007D0B0E /* FoodInfoCell.xib */; };
		1D74AB43225352D1007D0B0E /* APIManager.swift in Sources */ = {isa = PBXBuildFile; fileRef = 1D74AB42225352D1007D0B0E /* APIManager.swift */; };
		1D74AB46225356D9007D0B0E /* Food.swift in Sources */ = {isa = PBXBuildFile; fileRef = 1D74AB45225356D9007D0B0E /* Food.swift */; };
		1D74AB5022537D0F007D0B0E /* RestaurantViewController.swift in Sources */ = {isa = PBXBuildFile; fileRef = 1D74AB4E22537D0F007D0B0E /* RestaurantViewController.swift */; };
		1D74AB5122537D0F007D0B0E /* RestaurantViewController.xib in Resources */ = {isa = PBXBuildFile; fileRef = 1D74AB4F22537D0F007D0B0E /* RestaurantViewController.xib */; };
		1D74AB5722537DEB007D0B0E /* ReusableView.swift in Sources */ = {isa = PBXBuildFile; fileRef = 1D74AB5622537DEB007D0B0E /* ReusableView.swift */; };
		1D74AB5A22537DFE007D0B0E /* Main.storyboard in Resources */ = {isa = PBXBuildFile; fileRef = 1D74AB5822537DFE007D0B0E /* Main.storyboard */; };
		1D74AB5D225383E9007D0B0E /* CALayer+Additionals.swift in Sources */ = {isa = PBXBuildFile; fileRef = 1D74AB5C225383E9007D0B0E /* CALayer+Additionals.swift */; };
/* End PBXBuildFile section */

/* Begin PBXFileReference section */
		1D74AB20225256F7007D0B0E /* Restaurant.app */ = {isa = PBXFileReference; explicitFileType = wrapper.application; includeInIndex = 0; path = Restaurant.app; sourceTree = BUILT_PRODUCTS_DIR; };
		1D74AB23225256F7007D0B0E /* AppDelegate.swift */ = {isa = PBXFileReference; lastKnownFileType = sourcecode.swift; path = AppDelegate.swift; sourceTree = "<group>"; };
		1D74AB2A225256F8007D0B0E /* Assets.xcassets */ = {isa = PBXFileReference; lastKnownFileType = folder.assetcatalog; path = Assets.xcassets; sourceTree = "<group>"; };
		1D74AB2D225256F8007D0B0E /* Base */ = {isa = PBXFileReference; lastKnownFileType = file.storyboard; name = Base; path = Base.lproj/LaunchScreen.storyboard; sourceTree = "<group>"; };
		1D74AB2F225256F8007D0B0E /* Info.plist */ = {isa = PBXFileReference; lastKnownFileType = text.plist.xml; path = Info.plist; sourceTree = "<group>"; };
		1D74AB3722534CC5007D0B0E /* FoodListViewController.swift */ = {isa = PBXFileReference; lastKnownFileType = sourcecode.swift; path = FoodListViewController.swift; sourceTree = "<group>"; };
		1D74AB3822534CC5007D0B0E /* FoodListViewController.xib */ = {isa = PBXFileReference; lastKnownFileType = file.xib; path = FoodListViewController.xib; sourceTree = "<group>"; };
		1D74AB3C22534DD4007D0B0E /* FoodInfoCell.swift */ = {isa = PBXFileReference; lastKnownFileType = sourcecode.swift; path = FoodInfoCell.swift; sourceTree = "<group>"; };
		1D74AB3D22534DD4007D0B0E /* FoodInfoCell.xib */ = {isa = PBXFileReference; lastKnownFileType = file.xib; path = FoodInfoCell.xib; sourceTree = "<group>"; };
		1D74AB42225352D1007D0B0E /* APIManager.swift */ = {isa = PBXFileReference; lastKnownFileType = sourcecode.swift; path = APIManager.swift; sourceTree = "<group>"; };
		1D74AB45225356D9007D0B0E /* Food.swift */ = {isa = PBXFileReference; lastKnownFileType = sourcecode.swift; path = Food.swift; sourceTree = "<group>"; };
		1D74AB4E22537D0F007D0B0E /* RestaurantViewController.swift */ = {isa = PBXFileReference; lastKnownFileType = sourcecode.swift; path = RestaurantViewController.swift; sourceTree = "<group>"; };
		1D74AB4F22537D0F007D0B0E /* RestaurantViewController.xib */ = {isa = PBXFileReference; lastKnownFileType = file.xib; path = RestaurantViewController.xib; sourceTree = "<group>"; };
		1D74AB5622537DEB007D0B0E /* ReusableView.swift */ = {isa = PBXFileReference; fileEncoding = 4; lastKnownFileType = sourcecode.swift; path = ReusableView.swift; sourceTree = "<group>"; };
		1D74AB5922537DFE007D0B0E /* Base */ = {isa = PBXFileReference; lastKnownFileType = file.storyboard; name = Base; path = Base.lproj/Main.storyboard; sourceTree = "<group>"; };
		1D74AB5C225383E9007D0B0E /* CALayer+Additionals.swift */ = {isa = PBXFileReference; lastKnownFileType = sourcecode.swift; path = "CALayer+Additionals.swift"; sourceTree = "<group>"; };
		7B7C994D8C25DCC95374B263 /* Pods_Restaurant.framework */ = {isa = PBXFileReference; explicitFileType = wrapper.framework; includeInIndex = 0; path = Pods_Restaurant.framework; sourceTree = BUILT_PRODUCTS_DIR; };
		9B42BA8F7A9E2E02F09D3B26 /* Pods-Restaurant.debug.xcconfig */ = {isa = PBXFileReference; includeInIndex = 1; lastKnownFileType = text.xcconfig; name = "Pods-Restaurant.debug.xcconfig"; path = "Target Support Files/Pods-Restaurant/Pods-Restaurant.debug.xcconfig"; sourceTree = "<group>"; };
		AE12C013772910C45DE28041 /* Pods-Restaurant.release.xcconfig */ = {isa = PBXFileReference; includeInIndex = 1; lastKnownFileType = text.xcconfig; name = "Pods-Restaurant.release.xcconfig"; path = "Target Support Files/Pods-Restaurant/Pods-Restaurant.release.xcconfig"; sourceTree = "<group>"; };
/* End PBXFileReference section */

/* Begin PBXFrameworksBuildPhase section */
		1D74AB1D225256F7007D0B0E /* Frameworks */ = {
			isa = PBXFrameworksBuildPhase;
			buildActionMask = 2147483647;
			files = (
				041062826D9DB1BBFCD81157 /* Pods_Restaurant.framework in Frameworks */,
			);
			runOnlyForDeploymentPostprocessing = 0;
		};
/* End PBXFrameworksBuildPhase section */

/* Begin PBXGroup section */
		04488CE0CDE83D1587459BBB /* Pods */ = {
			isa = PBXGroup;
			children = (
				9B42BA8F7A9E2E02F09D3B26 /* Pods-Restaurant.debug.xcconfig */,
				AE12C013772910C45DE28041 /* Pods-Restaurant.release.xcconfig */,
			);
			path = Pods;
			sourceTree = "<group>";
		};
		1D74AB17225256F7007D0B0E = {
			isa = PBXGroup;
			children = (
				1D74AB22225256F7007D0B0E /* Restaurant */,
				1D74AB21225256F7007D0B0E /* Products */,
				04488CE0CDE83D1587459BBB /* Pods */,
				8D07CD2EA8915CAF4374D154 /* Frameworks */,
			);
			sourceTree = "<group>";
		};
		1D74AB21225256F7007D0B0E /* Products */ = {
			isa = PBXGroup;
			children = (
				1D74AB20225256F7007D0B0E /* Restaurant.app */,
			);
			name = Products;
			sourceTree = "<group>";
		};
		1D74AB22225256F7007D0B0E /* Restaurant */ = {
			isa = PBXGroup;
			children = (
				1D74AB23225256F7007D0B0E /* AppDelegate.swift */,
				1D74AB44225356BE007D0B0E /* Models */,
				1D74AB3622534939007D0B0E /* Food */,
				1D74AB41225352B6007D0B0E /* APIManager */,
				1D74AB4022535296007D0B0E /* Protocols */,
				1D74AB5B225383C6007D0B0E /* Extensions */,
				1D74AB5822537DFE007D0B0E /* Main.storyboard */,
				1D74AB2C225256F8007D0B0E /* LaunchScreen.storyboard */,
				1D74AB2A225256F8007D0B0E /* Assets.xcassets */,
				1D74AB2F225256F8007D0B0E /* Info.plist */,
			);
			path = Restaurant;
			sourceTree = "<group>";
		};
		1D74AB3622534939007D0B0E /* Food */ = {
			isa = PBXGroup;
			children = (
				1D74AB3B22534CD5007D0B0E /* Cells */,
				1D74AB3722534CC5007D0B0E /* FoodListViewController.swift */,
				1D74AB3822534CC5007D0B0E /* FoodListViewController.xib */,
				1D74AB4E22537D0F007D0B0E /* RestaurantViewController.swift */,
				1D74AB4F22537D0F007D0B0E /* RestaurantViewController.xib */,
			);
			path = Food;
			sourceTree = "<group>";
		};
		1D74AB3B22534CD5007D0B0E /* Cells */ = {
			isa = PBXGroup;
			children = (
				1D74AB3C22534DD4007D0B0E /* FoodInfoCell.swift */,
				1D74AB3D22534DD4007D0B0E /* FoodInfoCell.xib */,
			);
			path = Cells;
			sourceTree = "<group>";
		};
		1D74AB4022535296007D0B0E /* Protocols */ = {
			isa = PBXGroup;
			children = (
				1D74AB5622537DEB007D0B0E /* ReusableView.swift */,
			);
			path = Protocols;
			sourceTree = "<group>";
		};
		1D74AB41225352B6007D0B0E /* APIManager */ = {
			isa = PBXGroup;
			children = (
				1D74AB42225352D1007D0B0E /* APIManager.swift */,
			);
			path = APIManager;
			sourceTree = "<group>";
		};
		1D74AB44225356BE007D0B0E /* Models */ = {
			isa = PBXGroup;
			children = (
				1D74AB45225356D9007D0B0E /* Food.swift */,
			);
			path = Models;
			sourceTree = "<group>";
		};
		1D74AB5B225383C6007D0B0E /* Extensions */ = {
			isa = PBXGroup;
			children = (
				1D74AB5C225383E9007D0B0E /* CALayer+Additionals.swift */,
			);
			path = Extensions;
			sourceTree = "<group>";
		};
		8D07CD2EA8915CAF4374D154 /* Frameworks */ = {
			isa = PBXGroup;
			children = (
				7B7C994D8C25DCC95374B263 /* Pods_Restaurant.framework */,
			);
			name = Frameworks;
			sourceTree = "<group>";
		};
/* End PBXGroup section */

/* Begin PBXNativeTarget section */
		1D74AB1F225256F7007D0B0E /* Restaurant */ = {
			isa = PBXNativeTarget;
			buildConfigurationList = 1D74AB32225256F8007D0B0E /* Build configuration list for PBXNativeTarget "Restaurant" */;
			buildPhases = (
				2CF7E99B99BB6E126F8495FC /* [CP] Check Pods Manifest.lock */,
				1D74AB1C225256F7007D0B0E /* Sources */,
				1D74AB1D225256F7007D0B0E /* Frameworks */,
				1D74AB1E225256F7007D0B0E /* Resources */,
				D2A0C9EDEF9B443909BE240C /* [CP] Embed Pods Frameworks */,
			);
			buildRules = (
			);
			dependencies = (
			);
			name = Restaurant;
			productName = Restaurant;
			productReference = 1D74AB20225256F7007D0B0E /* Restaurant.app */;
			productType = "com.apple.product-type.application";
		};
/* End PBXNativeTarget section */

/* Begin PBXProject section */
		1D74AB18225256F7007D0B0E /* Project object */ = {
			isa = PBXProject;
			attributes = {
				LastSwiftUpdateCheck = 1020;
				LastUpgradeCheck = 1020;
				ORGANIZATIONNAME = Natife;
				TargetAttributes = {
					1D74AB1F225256F7007D0B0E = {
						CreatedOnToolsVersion = 10.2;
					};
				};
			};
			buildConfigurationList = 1D74AB1B225256F7007D0B0E /* Build configuration list for PBXProject "Restaurant" */;
			compatibilityVersion = "Xcode 9.3";
			developmentRegion = en;
			hasScannedForEncodings = 0;
			knownRegions = (
				en,
				Base,
			);
			mainGroup = 1D74AB17225256F7007D0B0E;
			productRefGroup = 1D74AB21225256F7007D0B0E /* Products */;
			projectDirPath = "";
			projectRoot = "";
			targets = (
				1D74AB1F225256F7007D0B0E /* Restaurant */,
			);
		};
/* End PBXProject section */

/* Begin PBXResourcesBuildPhase section */
		1D74AB1E225256F7007D0B0E /* Resources */ = {
			isa = PBXResourcesBuildPhase;
			buildActionMask = 2147483647;
			files = (
				1D74AB2E225256F8007D0B0E /* LaunchScreen.storyboard in Resources */,
				1D74AB2B225256F8007D0B0E /* Assets.xcassets in Resources */,
				1D74AB3A22534CC5007D0B0E /* FoodListViewController.xib in Resources */,
				1D74AB5A22537DFE007D0B0E /* Main.storyboard in Resources */,
				1D74AB5122537D0F007D0B0E /* RestaurantViewController.xib in Resources */,
				1D74AB3F22534DD4007D0B0E /* FoodInfoCell.xib in Resources */,
			);
			runOnlyForDeploymentPostprocessing = 0;
		};
/* End PBXResourcesBuildPhase section */

/* Begin PBXShellScriptBuildPhase section */
		2CF7E99B99BB6E126F8495FC /* [CP] Check Pods Manifest.lock */ = {
			isa = PBXShellScriptBuildPhase;
			buildActionMask = 2147483647;
			files = (
			);
			inputFileListPaths = (
			);
			inputPaths = (
				"${PODS_PODFILE_DIR_PATH}/Podfile.lock",
				"${PODS_ROOT}/Manifest.lock",
			);
			name = "[CP] Check Pods Manifest.lock";
			outputFileListPaths = (
			);
			outputPaths = (
				"$(DERIVED_FILE_DIR)/Pods-Restaurant-checkManifestLockResult.txt",
			);
			runOnlyForDeploymentPostprocessing = 0;
			shellPath = /bin/sh;
			shellScript = "diff \"${PODS_PODFILE_DIR_PATH}/Podfile.lock\" \"${PODS_ROOT}/Manifest.lock\" > /dev/null\nif [ $? != 0 ] ; then\n    # print error to STDERR\n    echo \"error: The sandbox is not in sync with the Podfile.lock. Run 'pod install' or update your CocoaPods installation.\" >&2\n    exit 1\nfi\n# This output is used by Xcode 'outputs' to avoid re-running this script phase.\necho \"SUCCESS\" > \"${SCRIPT_OUTPUT_FILE_0}\"\n";
			showEnvVarsInLog = 0;
		};
		D2A0C9EDEF9B443909BE240C /* [CP] Embed Pods Frameworks */ = {
			isa = PBXShellScriptBuildPhase;
			buildActionMask = 2147483647;
			files = (
			);
			inputFileListPaths = (
			);
			inputPaths = (
				"${PODS_ROOT}/Target Support Files/Pods-Restaurant/Pods-Restaurant-frameworks.sh",
				"${BUILT_PRODUCTS_DIR}/SDWebImage/SDWebImage.framework",
			);
			name = "[CP] Embed Pods Frameworks";
			outputFileListPaths = (
			);
			outputPaths = (
				"${TARGET_BUILD_DIR}/${FRAMEWORKS_FOLDER_PATH}/SDWebImage.framework",
			);
			runOnlyForDeploymentPostprocessing = 0;
			shellPath = /bin/sh;
			shellScript = "\"${PODS_ROOT}/Target Support Files/Pods-Restaurant/Pods-Restaurant-frameworks.sh\"\n";
			showEnvVarsInLog = 0;
		};
/* End PBXShellScriptBuildPhase section */

/* Begin PBXSourcesBuildPhase section */
		1D74AB1C225256F7007D0B0E /* Sources */ = {
			isa = PBXSourcesBuildPhase;
			buildActionMask = 2147483647;
			files = (
				1D74AB43225352D1007D0B0E /* APIManager.swift in Sources */,
				1D74AB5022537D0F007D0B0E /* RestaurantViewController.swift in Sources */,
				1D74AB3922534CC5007D0B0E /* FoodListViewController.swift in Sources */,
				1D74AB46225356D9007D0B0E /* Food.swift in Sources */,
				1D74AB5D225383E9007D0B0E /* CALayer+Additionals.swift in Sources */,
				1D74AB3E22534DD4007D0B0E /* FoodInfoCell.swift in Sources */,
				1D74AB5722537DEB007D0B0E /* ReusableView.swift in Sources */,
				1D74AB24225256F7007D0B0E /* AppDelegate.swift in Sources */,
			);
			runOnlyForDeploymentPostprocessing = 0;
		};
/* End PBXSourcesBuildPhase section */

/* Begin PBXVariantGroup section */
		1D74AB2C225256F8007D0B0E /* LaunchScreen.storyboard */ = {
			isa = PBXVariantGroup;
			children = (
				1D74AB2D225256F8007D0B0E /* Base */,
			);
			name = LaunchScreen.storyboard;
			sourceTree = "<group>";
		};
		1D74AB5822537DFE007D0B0E /* Main.storyboard */ = {
			isa = PBXVariantGroup;
			children = (
				1D74AB5922537DFE007D0B0E /* Base */,
			);
			name = Main.storyboard;
			sourceTree = "<group>";
		};
/* End PBXVariantGroup section */

/* Begin XCBuildConfiguration section */
		1D74AB30225256F8007D0B0E /* Debug */ = {
			isa = XCBuildConfiguration;
			buildSettings = {
				ALWAYS_SEARCH_USER_PATHS = NO;
				CLANG_ANALYZER_NONNULL = YES;
				CLANG_ANALYZER_NUMBER_OBJECT_CONVERSION = YES_AGGRESSIVE;
				CLANG_CXX_LANGUAGE_STANDARD = "gnu++14";
				CLANG_CXX_LIBRARY = "libc++";
				CLANG_ENABLE_MODULES = YES;
				CLANG_ENABLE_OBJC_ARC = YES;
				CLANG_ENABLE_OBJC_WEAK = YES;
				CLANG_WARN_BLOCK_CAPTURE_AUTORELEASING = YES;
				CLANG_WARN_BOOL_CONVERSION = YES;
				CLANG_WARN_COMMA = YES;
				CLANG_WARN_CONSTANT_CONVERSION = YES;
				CLANG_WARN_DEPRECATED_OBJC_IMPLEMENTATIONS = YES;
				CLANG_WARN_DIRECT_OBJC_ISA_USAGE = YES_ERROR;
				CLANG_WARN_DOCUMENTATION_COMMENTS = YES;
				CLANG_WARN_EMPTY_BODY = YES;
				CLANG_WARN_ENUM_CONVERSION = YES;
				CLANG_WARN_INFINITE_RECURSION = YES;
				CLANG_WARN_INT_CONVERSION = YES;
				CLANG_WARN_NON_LITERAL_NULL_CONVERSION = YES;
				CLANG_WARN_OBJC_IMPLICIT_RETAIN_SELF = YES;
				CLANG_WARN_OBJC_LITERAL_CONVERSION = YES;
				CLANG_WARN_OBJC_ROOT_CLASS = YES_ERROR;
				CLANG_WARN_RANGE_LOOP_ANALYSIS = YES;
				CLANG_WARN_STRICT_PROTOTYPES = YES;
				CLANG_WARN_SUSPICIOUS_MOVE = YES;
				CLANG_WARN_UNGUARDED_AVAILABILITY = YES_AGGRESSIVE;
				CLANG_WARN_UNREACHABLE_CODE = YES;
				CLANG_WARN__DUPLICATE_METHOD_MATCH = YES;
				CODE_SIGN_IDENTITY = "iPhone Developer";
				COPY_PHASE_STRIP = NO;
				DEBUG_INFORMATION_FORMAT = dwarf;
				ENABLE_STRICT_OBJC_MSGSEND = YES;
				ENABLE_TESTABILITY = YES;
				GCC_C_LANGUAGE_STANDARD = gnu11;
				GCC_DYNAMIC_NO_PIC = NO;
				GCC_NO_COMMON_BLOCKS = YES;
				GCC_OPTIMIZATION_LEVEL = 0;
				GCC_PREPROCESSOR_DEFINITIONS = (
					"DEBUG=1",
					"$(inherited)",
				);
				GCC_WARN_64_TO_32_BIT_CONVERSION = YES;
				GCC_WARN_ABOUT_RETURN_TYPE = YES_ERROR;
				GCC_WARN_UNDECLARED_SELECTOR = YES;
				GCC_WARN_UNINITIALIZED_AUTOS = YES_AGGRESSIVE;
				GCC_WARN_UNUSED_FUNCTION = YES;
				GCC_WARN_UNUSED_VARIABLE = YES;
				IPHONEOS_DEPLOYMENT_TARGET = 12.2;
				MTL_ENABLE_DEBUG_INFO = INCLUDE_SOURCE;
				MTL_FAST_MATH = YES;
				ONLY_ACTIVE_ARCH = YES;
				SDKROOT = iphoneos;
				SWIFT_ACTIVE_COMPILATION_CONDITIONS = DEBUG;
				SWIFT_OPTIMIZATION_LEVEL = "-Onone";
			};
			name = Debug;
		};
		1D74AB31225256F8007D0B0E /* Release */ = {
			isa = XCBuildConfiguration;
			buildSettings = {
				ALWAYS_SEARCH_USER_PATHS = NO;
				CLANG_ANALYZER_NONNULL = YES;
				CLANG_ANALYZER_NUMBER_OBJECT_CONVERSION = YES_AGGRESSIVE;
				CLANG_CXX_LANGUAGE_STANDARD = "gnu++14";
				CLANG_CXX_LIBRARY = "libc++";
				CLANG_ENABLE_MODULES = YES;
				CLANG_ENABLE_OBJC_ARC = YES;
				CLANG_ENABLE_OBJC_WEAK = YES;
				CLANG_WARN_BLOCK_CAPTURE_AUTORELEASING = YES;
				CLANG_WARN_BOOL_CONVERSION = YES;
				CLANG_WARN_COMMA = YES;
				CLANG_WARN_CONSTANT_CONVERSION = YES;
				CLANG_WARN_DEPRECATED_OBJC_IMPLEMENTATIONS = YES;
				CLANG_WARN_DIRECT_OBJC_ISA_USAGE = YES_ERROR;
				CLANG_WARN_DOCUMENTATION_COMMENTS = YES;
				CLANG_WARN_EMPTY_BODY = YES;
				CLANG_WARN_ENUM_CONVERSION = YES;
				CLANG_WARN_INFINITE_RECURSION = YES;
				CLANG_WARN_INT_CONVERSION = YES;
				CLANG_WARN_NON_LITERAL_NULL_CONVERSION = YES;
				CLANG_WARN_OBJC_IMPLICIT_RETAIN_SELF = YES;
				CLANG_WARN_OBJC_LITERAL_CONVERSION = YES;
				CLANG_WARN_OBJC_ROOT_CLASS = YES_ERROR;
				CLANG_WARN_RANGE_LOOP_ANALYSIS = YES;
				CLANG_WARN_STRICT_PROTOTYPES = YES;
				CLANG_WARN_SUSPICIOUS_MOVE = YES;
				CLANG_WARN_UNGUARDED_AVAILABILITY = YES_AGGRESSIVE;
				CLANG_WARN_UNREACHABLE_CODE = YES;
				CLANG_WARN__DUPLICATE_METHOD_MATCH = YES;
				CODE_SIGN_IDENTITY = "iPhone Developer";
				COPY_PHASE_STRIP = NO;
				DEBUG_INFORMATION_FORMAT = "dwarf-with-dsym";
				ENABLE_NS_ASSERTIONS = NO;
				ENABLE_STRICT_OBJC_MSGSEND = YES;
				GCC_C_LANGUAGE_STANDARD = gnu11;
				GCC_NO_COMMON_BLOCKS = YES;
				GCC_WARN_64_TO_32_BIT_CONVERSION = YES;
				GCC_WARN_ABOUT_RETURN_TYPE = YES_ERROR;
				GCC_WARN_UNDECLARED_SELECTOR = YES;
				GCC_WARN_UNINITIALIZED_AUTOS = YES_AGGRESSIVE;
				GCC_WARN_UNUSED_FUNCTION = YES;
				GCC_WARN_UNUSED_VARIABLE = YES;
				IPHONEOS_DEPLOYMENT_TARGET = 12.2;
				MTL_ENABLE_DEBUG_INFO = NO;
				MTL_FAST_MATH = YES;
				SDKROOT = iphoneos;
				SWIFT_COMPILATION_MODE = wholemodule;
				SWIFT_OPTIMIZATION_LEVEL = "-O";
				VALIDATE_PRODUCT = YES;
			};
			name = Release;
		};
		1D74AB33225256F8007D0B0E /* Debug */ = {
			isa = XCBuildConfiguration;
			baseConfigurationReference = 9B42BA8F7A9E2E02F09D3B26 /* Pods-Restaurant.debug.xcconfig */;
			buildSettings = {
				ASSETCATALOG_COMPILER_APPICON_NAME = AppIcon;
				CODE_SIGN_STYLE = Automatic;
				INFOPLIST_FILE = Restaurant/Info.plist;
				LD_RUNPATH_SEARCH_PATHS = (
					"$(inherited)",
					"@executable_path/Frameworks",
				);
				PRODUCT_BUNDLE_IDENTIFIER = com.iosdev2017.gogoiosdev.Restaurant;
				PRODUCT_NAME = "$(TARGET_NAME)";
				SWIFT_VERSION = 5.0;
				TARGETED_DEVICE_FAMILY = "1,2";
			};
			name = Debug;
		};
		1D74AB34225256F8007D0B0E /* Release */ = {
			isa = XCBuildConfiguration;
			baseConfigurationReference = AE12C013772910C45DE28041 /* Pods-Restaurant.release.xcconfig */;
			buildSettings = {
				ASSETCATALOG_COMPILER_APPICON_NAME = AppIcon;
				CODE_SIGN_STYLE = Automatic;
				INFOPLIST_FILE = Restaurant/Info.plist;
				LD_RUNPATH_SEARCH_PATHS = (
					"$(inherited)",
					"@executable_path/Frameworks",
				);
				PRODUCT_BUNDLE_IDENTIFIER = com.iosdev2017.gogoiosdev.Restaurant;
				PRODUCT_NAME = "$(TARGET_NAME)";
				SWIFT_VERSION = 5.0;
				TARGETED_DEVICE_FAMILY = "1,2";
			};
			name = Release;
		};
/* End XCBuildConfiguration section */

/* Begin XCConfigurationList section */
		1D74AB1B225256F7007D0B0E /* Build configuration list for PBXProject "Restaurant" */ = {
			isa = XCConfigurationList;
			buildConfigurations = (
				1D74AB30225256F8007D0B0E /* Debug */,
				1D74AB31225256F8007D0B0E /* Release */,
			);
			defaultConfigurationIsVisible = 0;
			defaultConfigurationName = Release;
		};
		1D74AB32225256F8007D0B0E /* Build configuration list for PBXNativeTarget "Restaurant" */ = {
			isa = XCConfigurationList;
			buildConfigurations = (
				1D74AB33225256F8007D0B0E /* Debug */,
				1D74AB34225256F8007D0B0E /* Release */,
			);
			defaultConfigurationIsVisible = 0;
			defaultConfigurationName = Release;
		};
/* End XCConfigurationList section */
	};
	rootObject = 1D74AB18225256F7007D0B0E /* Project object */;
}
